
Microsoft Visual Studio Solution File, Format Version 12.00
# Visual Studio Version 17
VisualStudioVersion = 17.10.34928.147
MinimumVisualStudioVersion = 10.0.40219.1
Project("{9A19103F-16F7-4668-BE54-9A1E7A4F7556}") = "SimRegisPortal.Core", "SimRegisPortal.Core\SimRegisPortal.Core.csproj", "{F4126E81-AAB5-478B-9D7E-205BF5B5D78A}"
EndProject
Project("{9A19103F-16F7-4668-BE54-9A1E7A4F7556}") = "SimRegisPortal.Persistence", "SimRegisPortal.Persistence\SimRegisPortal.Persistence.csproj", "{7FC0D657-4808-43A9-8AE6-FF8B29609461}"
EndProject
Project("{9A19103F-16F7-4668-BE54-9A1E7A4F7556}") = "SimRegisPortal.Application", "SimRegisPortal.Application\SimRegisPortal.Application.csproj", "{FF1CD2CE-0605-4A8B-9531-359B2C49D197}"
EndProject
Project("{FAE04EC0-301F-11D3-BF4B-00C04F79EFBC}") = "SimRegisPortal.Web", "SimRegisPortal.Web\SimRegisPortal.Web.csproj", "{19A92C92-B37D-4216-8B34-6BBE2DF2125D}"
EndProject
Global
	GlobalSection(SolutionConfigurationPlatforms) = preSolution
		Debug|Any CPU = Debug|Any CPU
		Release|Any CPU = Release|Any CPU
	EndGlobalSection
	GlobalSection(ProjectConfigurationPlatforms) = postSolution
		{F4126E81-AAB5-478B-9D7E-205BF5B5D78A}.Debug|Any CPU.ActiveCfg = Debug|Any CPU
		{F4126E81-AAB5-478B-9D7E-205BF5B5D78A}.Debug|Any CPU.Build.0 = Debug|Any CPU
		{F4126E81-AAB5-478B-9D7E-205BF5B5D78A}.Release|Any CPU.ActiveCfg = Release|Any CPU
		{F4126E81-AAB5-478B-9D7E-205BF5B5D78A}.Release|Any CPU.Build.0 = Release|Any CPU
		{7FC0D657-4808-43A9-8AE6-FF8B29609461}.Debug|Any CPU.ActiveCfg = Debug|Any CPU
		{7FC0D657-4808-43A9-8AE6-FF8B29609461}.Debug|Any CPU.Build.0 = Debug|Any CPU
		{7FC0D657-4808-43A9-8AE6-FF8B29609461}.Release|Any CPU.ActiveCfg = Release|Any CPU
		{7FC0D657-4808-43A9-8AE6-FF8B29609461}.Release|Any CPU.Build.0 = Release|Any CPU
		{FF1CD2CE-0605-4A8B-9531-359B2C49D197}.Debug|Any CPU.ActiveCfg = Debug|Any CPU
		{FF1CD2CE-0605-4A8B-9531-359B2C49D197}.Debug|Any CPU.Build.0 = Debug|Any CPU
		{FF1CD2CE-0605-4A8B-9531-359B2C49D197}.Release|Any CPU.ActiveCfg = Release|Any CPU
		{FF1CD2CE-0605-4A8B-9531-359B2C49D197}.Release|Any CPU.Build.0 = Release|Any CPU
		{19A92C92-B37D-4216-8B34-6BBE2DF2125D}.Debug|Any CPU.ActiveCfg = Debug|Any CPU
		{19A92C92-B37D-4216-8B34-6BBE2DF2125D}.Debug|Any CPU.Build.0 = Debug|Any CPU
		{19A92C92-B37D-4216-8B34-6BBE2DF2125D}.Release|Any CPU.ActiveCfg = Release|Any CPU
		{19A92C92-B37D-4216-8B34-6BBE2DF2125D}.Release|Any CPU.Build.0 = Release|Any CPU
	EndGlobalSection
	GlobalSection(SolutionProperties) = preSolution
		HideSolutionNode = FALSE
	EndGlobalSection
	GlobalSection(ExtensibilityGlobals) = postSolution
		SolutionGuid = {6ADA2F2C-EEDD-4834-B2AC-4BD068331528}
	EndGlobalSection
EndGlobal
